
Microsoft Visual Studio Solution File, Format Version 12.00
# Visual Studio Version 16
VisualStudioVersion = 16.0.28803.352
MinimumVisualStudioVersion = 10.0.40219.1
Project("{FAE04EC0-301F-11D3-BF4B-00C04F79EFBC}") = "Text adventure", "Text adventure.csproj", "{3C6898CB-22FA-4533-9733-C86139C5018A}"
EndProject
Global
	GlobalSection(SolutionConfigurationPlatforms) = preSolution
		Debug|Any CPU = Debug|Any CPU
		Release|Any CPU = Release|Any CPU
	EndGlobalSection
	GlobalSection(ProjectConfigurationPlatforms) = postSolution
		{3C6898CB-22FA-4533-9733-C86139C5018A}.Debug|Any CPU.ActiveCfg = Debug|Any CPU
		{3C6898CB-22FA-4533-9733-C86139C5018A}.Debug|Any CPU.Build.0 = Debug|Any CPU
		{3C6898CB-22FA-4533-9733-C86139C5018A}.Release|Any CPU.ActiveCfg = Release|Any CPU
		{3C6898CB-22FA-4533-9733-C86139C5018A}.Release|Any CPU.Build.0 = Release|Any CPU
	EndGlobalSection
	GlobalSection(SolutionProperties) = preSolution
		HideSolutionNode = FALSE
	EndGlobalSection
	GlobalSection(ExtensibilityGlobals) = postSolution
		SolutionGuid = {19EDF37D-C30F-48CC-AA42-1226515155B4}
	EndGlobalSection
EndGlobal
